// !$*UTF8*$!
{
	archiveVersion = 1;
	classes = {
	};
	objectVersion = 46;
	objects = {

/* Begin PBXBuildFile section */
		29B5490EA424595616E85FCD /* Pods_AFChatUISample.framework in Frameworks */ = {isa = PBXBuildFile; fileRef = 6D56BF437310542A82748575 /* Pods_AFChatUISample.framework */; };
		AF2490C21D72C8E900CBAD84 /* UserSearchViewController.swift in Sources */ = {isa = PBXBuildFile; fileRef = AF2490C11D72C8E900CBAD84 /* UserSearchViewController.swift */; };
		AFC3F58A1D6BE1970098C316 /* AppDelegate.swift in Sources */ = {isa = PBXBuildFile; fileRef = AFC3F5891D6BE1970098C316 /* AppDelegate.swift */; };
		AFC3F58C1D6BE1970098C316 /* ProfileViewController.swift in Sources */ = {isa = PBXBuildFile; fileRef = AFC3F58B1D6BE1970098C316 /* ProfileViewController.swift */; };
		AFC3F5911D6BE1970098C316 /* Main.storyboard in Resources */ = {isa = PBXBuildFile; fileRef = AFC3F58F1D6BE1970098C316 /* Main.storyboard */; };
		AFC3F5931D6BE1970098C316 /* Assets.xcassets in Resources */ = {isa = PBXBuildFile; fileRef = AFC3F5921D6BE1970098C316 /* Assets.xcassets */; };
		AFC3F5961D6BE1970098C316 /* LaunchScreen.storyboard in Resources */ = {isa = PBXBuildFile; fileRef = AFC3F5941D6BE1970098C316 /* LaunchScreen.storyboard */; };
		AFE100681D6C3585002BA79D /* UserProfileTableViewCell.swift in Sources */ = {isa = PBXBuildFile; fileRef = AFE100661D6C3585002BA79D /* UserProfileTableViewCell.swift */; };
		AFE100691D6C3585002BA79D /* UserProfileTableViewCell.xib in Resources */ = {isa = PBXBuildFile; fileRef = AFE100671D6C3585002BA79D /* UserProfileTableViewCell.xib */; };
/* End PBXBuildFile section */

/* Begin PBXFileReference section */
		6D56BF437310542A82748575 /* Pods_AFChatUISample.framework */ = {isa = PBXFileReference; explicitFileType = wrapper.framework; includeInIndex = 0; path = Pods_AFChatUISample.framework; sourceTree = BUILT_PRODUCTS_DIR; };
		7792E9AAE8ADD14358CB08B9 /* Pods-AFChatUISample.release.xcconfig */ = {isa = PBXFileReference; includeInIndex = 1; lastKnownFileType = text.xcconfig; name = "Pods-AFChatUISample.release.xcconfig"; path = "Pods/Target Support Files/Pods-AFChatUISample/Pods-AFChatUISample.release.xcconfig"; sourceTree = "<group>"; };
		AF2490B71D6CB09D00CBAD84 /* AppFriendsUI.podspec */ = {isa = PBXFileReference; lastKnownFileType = text; name = AppFriendsUI.podspec; path = ../../AppFriendsUI.podspec; sourceTree = "<group>"; };
		AF2490C11D72C8E900CBAD84 /* UserSearchViewController.swift */ = {isa = PBXFileReference; fileEncoding = 4; lastKnownFileType = sourcecode.swift; path = UserSearchViewController.swift; sourceTree = "<group>"; };
		AFC3F5861D6BE1970098C316 /* AFChatUISample.app */ = {isa = PBXFileReference; explicitFileType = wrapper.application; includeInIndex = 0; path = AFChatUISample.app; sourceTree = BUILT_PRODUCTS_DIR; };
		AFC3F5891D6BE1970098C316 /* AppDelegate.swift */ = {isa = PBXFileReference; lastKnownFileType = sourcecode.swift; path = AppDelegate.swift; sourceTree = "<group>"; };
		AFC3F58B1D6BE1970098C316 /* ProfileViewController.swift */ = {isa = PBXFileReference; lastKnownFileType = sourcecode.swift; path = ProfileViewController.swift; sourceTree = "<group>"; };
		AFC3F5901D6BE1970098C316 /* Base */ = {isa = PBXFileReference; lastKnownFileType = file.storyboard; name = Base; path = Base.lproj/Main.storyboard; sourceTree = "<group>"; };
		AFC3F5921D6BE1970098C316 /* Assets.xcassets */ = {isa = PBXFileReference; lastKnownFileType = folder.assetcatalog; path = Assets.xcassets; sourceTree = "<group>"; };
		AFC3F5951D6BE1970098C316 /* Base */ = {isa = PBXFileReference; lastKnownFileType = file.storyboard; name = Base; path = Base.lproj/LaunchScreen.storyboard; sourceTree = "<group>"; };
		AFC3F5971D6BE1970098C316 /* Info.plist */ = {isa = PBXFileReference; lastKnownFileType = text.plist.xml; path = Info.plist; sourceTree = "<group>"; };
		AFE100661D6C3585002BA79D /* UserProfileTableViewCell.swift */ = {isa = PBXFileReference; fileEncoding = 4; lastKnownFileType = sourcecode.swift; path = UserProfileTableViewCell.swift; sourceTree = "<group>"; };
		AFE100671D6C3585002BA79D /* UserProfileTableViewCell.xib */ = {isa = PBXFileReference; fileEncoding = 4; lastKnownFileType = file.xib; path = UserProfileTableViewCell.xib; sourceTree = "<group>"; };
		C514A5F553B260DB346A3F55 /* Pods-AFChatUISample.debug.xcconfig */ = {isa = PBXFileReference; includeInIndex = 1; lastKnownFileType = text.xcconfig; name = "Pods-AFChatUISample.debug.xcconfig"; path = "Pods/Target Support Files/Pods-AFChatUISample/Pods-AFChatUISample.debug.xcconfig"; sourceTree = "<group>"; };
/* End PBXFileReference section */

/* Begin PBXFrameworksBuildPhase section */
		AFC3F5831D6BE1970098C316 /* Frameworks */ = {
			isa = PBXFrameworksBuildPhase;
			buildActionMask = 2147483647;
			files = (
				29B5490EA424595616E85FCD /* Pods_AFChatUISample.framework in Frameworks */,
			);
			runOnlyForDeploymentPostprocessing = 0;
		};
/* End PBXFrameworksBuildPhase section */

/* Begin PBXGroup section */
		1905ECFDD5A384C522C4E2A3 /* Pods */ = {
			isa = PBXGroup;
			children = (
				C514A5F553B260DB346A3F55 /* Pods-AFChatUISample.debug.xcconfig */,
				7792E9AAE8ADD14358CB08B9 /* Pods-AFChatUISample.release.xcconfig */,
			);
			name = Pods;
			sourceTree = "<group>";
		};
		7581B759ABE4DA765A6F7BF6 /* Frameworks */ = {
			isa = PBXGroup;
			children = (
				6D56BF437310542A82748575 /* Pods_AFChatUISample.framework */,
			);
			name = Frameworks;
			sourceTree = "<group>";
		};
		AFC3F57D1D6BE1970098C316 = {
			isa = PBXGroup;
			children = (
				AF2490B71D6CB09D00CBAD84 /* AppFriendsUI.podspec */,
				AFC3F5881D6BE1970098C316 /* AFChatUISample */,
				AFC3F5871D6BE1970098C316 /* Products */,
				1905ECFDD5A384C522C4E2A3 /* Pods */,
				7581B759ABE4DA765A6F7BF6 /* Frameworks */,
			);
			sourceTree = "<group>";
		};
		AFC3F5871D6BE1970098C316 /* Products */ = {
			isa = PBXGroup;
			children = (
				AFC3F5861D6BE1970098C316 /* AFChatUISample.app */,
			);
			name = Products;
			sourceTree = "<group>";
		};
		AFC3F5881D6BE1970098C316 /* AFChatUISample */ = {
			isa = PBXGroup;
			children = (
				AFC3F5891D6BE1970098C316 /* AppDelegate.swift */,
				AFC3F58B1D6BE1970098C316 /* ProfileViewController.swift */,
				AFC3F58F1D6BE1970098C316 /* Main.storyboard */,
				AFC3F5921D6BE1970098C316 /* Assets.xcassets */,
				AFC3F5941D6BE1970098C316 /* LaunchScreen.storyboard */,
				AFC3F5971D6BE1970098C316 /* Info.plist */,
				AFE100661D6C3585002BA79D /* UserProfileTableViewCell.swift */,
				AFE100671D6C3585002BA79D /* UserProfileTableViewCell.xib */,
				AF2490C11D72C8E900CBAD84 /* UserSearchViewController.swift */,
			);
			path = AFChatUISample;
			sourceTree = "<group>";
		};
/* End PBXGroup section */

/* Begin PBXNativeTarget section */
		AFC3F5851D6BE1970098C316 /* AFChatUISample */ = {
			isa = PBXNativeTarget;
			buildConfigurationList = AFC3F59A1D6BE1970098C316 /* Build configuration list for PBXNativeTarget "AFChatUISample" */;
			buildPhases = (
				5363F601812465640507A40B /* [CP] Check Pods Manifest.lock */,
				AFC3F5821D6BE1970098C316 /* Sources */,
				AFC3F5831D6BE1970098C316 /* Frameworks */,
				AFC3F5841D6BE1970098C316 /* Resources */,
				3CA8AD8499CFD826D2A6F831 /* [CP] Embed Pods Frameworks */,
				4A4B407BF2635B69952B0DDC /* [CP] Copy Pods Resources */,
			);
			buildRules = (
			);
			dependencies = (
			);
			name = AFChatUISample;
			productName = AFChatUISample;
			productReference = AFC3F5861D6BE1970098C316 /* AFChatUISample.app */;
			productType = "com.apple.product-type.application";
		};
/* End PBXNativeTarget section */

/* Begin PBXProject section */
		AFC3F57E1D6BE1970098C316 /* Project object */ = {
			isa = PBXProject;
			attributes = {
				LastSwiftUpdateCheck = 0730;
				LastUpgradeCheck = 0730;
				ORGANIZATIONNAME = hacknocraft;
				TargetAttributes = {
					AFC3F5851D6BE1970098C316 = {
						CreatedOnToolsVersion = 7.3.1;
					};
				};
			};
			buildConfigurationList = AFC3F5811D6BE1970098C316 /* Build configuration list for PBXProject "AFChatUISample" */;
			compatibilityVersion = "Xcode 3.2";
			developmentRegion = English;
			hasScannedForEncodings = 0;
			knownRegions = (
				en,
				Base,
			);
			mainGroup = AFC3F57D1D6BE1970098C316;
			productRefGroup = AFC3F5871D6BE1970098C316 /* Products */;
			projectDirPath = "";
			projectRoot = "";
			targets = (
				AFC3F5851D6BE1970098C316 /* AFChatUISample */,
			);
		};
/* End PBXProject section */

/* Begin PBXResourcesBuildPhase section */
		AFC3F5841D6BE1970098C316 /* Resources */ = {
			isa = PBXResourcesBuildPhase;
			buildActionMask = 2147483647;
			files = (
				AFE100691D6C3585002BA79D /* UserProfileTableViewCell.xib in Resources */,
				AFC3F5961D6BE1970098C316 /* LaunchScreen.storyboard in Resources */,
				AFC3F5931D6BE1970098C316 /* Assets.xcassets in Resources */,
				AFC3F5911D6BE1970098C316 /* Main.storyboard in Resources */,
			);
			runOnlyForDeploymentPostprocessing = 0;
		};
/* End PBXResourcesBuildPhase section */

/* Begin PBXShellScriptBuildPhase section */
		3CA8AD8499CFD826D2A6F831 /* [CP] Embed Pods Frameworks */ = {
			isa = PBXShellScriptBuildPhase;
			buildActionMask = 2147483647;
			files = (
			);
			inputPaths = (
			);
			name = "[CP] Embed Pods Frameworks";
			outputPaths = (
			);
			runOnlyForDeploymentPostprocessing = 0;
			shellPath = /bin/sh;
			shellScript = "\"${SRCROOT}/Pods/Target Support Files/Pods-AFChatUISample/Pods-AFChatUISample-frameworks.sh\"\n";
			showEnvVarsInLog = 0;
		};
		4A4B407BF2635B69952B0DDC /* [CP] Copy Pods Resources */ = {
			isa = PBXShellScriptBuildPhase;
			buildActionMask = 2147483647;
			files = (
			);
			inputPaths = (
			);
			name = "[CP] Copy Pods Resources";
			outputPaths = (
			);
			runOnlyForDeploymentPostprocessing = 0;
			shellPath = /bin/sh;
			shellScript = "\"${SRCROOT}/Pods/Target Support Files/Pods-AFChatUISample/Pods-AFChatUISample-resources.sh\"\n";
			showEnvVarsInLog = 0;
		};
		5363F601812465640507A40B /* [CP] Check Pods Manifest.lock */ = {
			isa = PBXShellScriptBuildPhase;
			buildActionMask = 2147483647;
			files = (
			);
			inputPaths = (
			);
			name = "[CP] Check Pods Manifest.lock";
			outputPaths = (
			);
			runOnlyForDeploymentPostprocessing = 0;
			shellPath = /bin/sh;
			shellScript = "diff \"${PODS_ROOT}/../Podfile.lock\" \"${PODS_ROOT}/Manifest.lock\" > /dev/null\nif [[ $? != 0 ]] ; then\n    cat << EOM\nerror: The sandbox is not in sync with the Podfile.lock. Run 'pod install' or update your CocoaPods installation.\nEOM\n    exit 1\nfi\n";
			showEnvVarsInLog = 0;
		};
/* End PBXShellScriptBuildPhase section */

/* Begin PBXSourcesBuildPhase section */
		AFC3F5821D6BE1970098C316 /* Sources */ = {
			isa = PBXSourcesBuildPhase;
			buildActionMask = 2147483647;
			files = (
				AFE100681D6C3585002BA79D /* UserProfileTableViewCell.swift in Sources */,
				AF2490C21D72C8E900CBAD84 /* UserSearchViewController.swift in Sources */,
				AFC3F58C1D6BE1970098C316 /* ProfileViewController.swift in Sources */,
				AFC3F58A1D6BE1970098C316 /* AppDelegate.swift in Sources */,
			);
			runOnlyForDeploymentPostprocessing = 0;
		};
/* End PBXSourcesBuildPhase section */

/* Begin PBXVariantGroup section */
		AFC3F58F1D6BE1970098C316 /* Main.storyboard */ = {
			isa = PBXVariantGroup;
			children = (
				AFC3F5901D6BE1970098C316 /* Base */,
			);
			name = Main.storyboard;
			sourceTree = "<group>";
		};
		AFC3F5941D6BE1970098C316 /* LaunchScreen.storyboard */ = {
			isa = PBXVariantGroup;
			children = (
				AFC3F5951D6BE1970098C316 /* Base */,
			);
			name = LaunchScreen.storyboard;
			sourceTree = "<group>";
		};
/* End PBXVariantGroup section */

/* Begin XCBuildConfiguration section */
		AFC3F5981D6BE1970098C316 /* Debug */ = {
			isa = XCBuildConfiguration;
			buildSettings = {
				ALWAYS_SEARCH_USER_PATHS = NO;
				CLANG_ANALYZER_NONNULL = YES;
				CLANG_CXX_LANGUAGE_STANDARD = "gnu++0x";
				CLANG_CXX_LIBRARY = "libc++";
				CLANG_ENABLE_MODULES = YES;
				CLANG_ENABLE_OBJC_ARC = YES;
				CLANG_WARN_BOOL_CONVERSION = YES;
				CLANG_WARN_CONSTANT_CONVERSION = YES;
				CLANG_WARN_DIRECT_OBJC_ISA_USAGE = YES_ERROR;
				CLANG_WARN_EMPTY_BODY = YES;
				CLANG_WARN_ENUM_CONVERSION = YES;
				CLANG_WARN_INT_CONVERSION = YES;
				CLANG_WARN_OBJC_ROOT_CLASS = YES_ERROR;
				CLANG_WARN_UNREACHABLE_CODE = YES;
				CLANG_WARN__DUPLICATE_METHOD_MATCH = YES;
				"CODE_SIGN_IDENTITY[sdk=iphoneos*]" = "iPhone Developer";
				COPY_PHASE_STRIP = NO;
				DEBUG_INFORMATION_FORMAT = dwarf;
				ENABLE_STRICT_OBJC_MSGSEND = YES;
				ENABLE_TESTABILITY = YES;
				GCC_C_LANGUAGE_STANDARD = gnu99;
				GCC_DYNAMIC_NO_PIC = NO;
				GCC_NO_COMMON_BLOCKS = YES;
				GCC_OPTIMIZATION_LEVEL = 0;
				GCC_PREPROCESSOR_DEFINITIONS = (
					"DEBUG=1",
					"$(inherited)",
				);
				GCC_WARN_64_TO_32_BIT_CONVERSION = YES;
				GCC_WARN_ABOUT_RETURN_TYPE = YES_ERROR;
				GCC_WARN_UNDECLARED_SELECTOR = YES;
				GCC_WARN_UNINITIALIZED_AUTOS = YES_AGGRESSIVE;
				GCC_WARN_UNUSED_FUNCTION = YES;
				GCC_WARN_UNUSED_VARIABLE = YES;
				IPHONEOS_DEPLOYMENT_TARGET = 9.3;
				MTL_ENABLE_DEBUG_INFO = YES;
				ONLY_ACTIVE_ARCH = YES;
				SDKROOT = iphoneos;
				SWIFT_OPTIMIZATION_LEVEL = "-Onone";
			};
			name = Debug;
		};
		AFC3F5991D6BE1970098C316 /* Release */ = {
			isa = XCBuildConfiguration;
			buildSettings = {
				ALWAYS_SEARCH_USER_PATHS = NO;
				CLANG_ANALYZER_NONNULL = YES;
				CLANG_CXX_LANGUAGE_STANDARD = "gnu++0x";
				CLANG_CXX_LIBRARY = "libc++";
				CLANG_ENABLE_MODULES = YES;
				CLANG_ENABLE_OBJC_ARC = YES;
				CLANG_WARN_BOOL_CONVERSION = YES;
				CLANG_WARN_CONSTANT_CONVERSION = YES;
				CLANG_WARN_DIRECT_OBJC_ISA_USAGE = YES_ERROR;
				CLANG_WARN_EMPTY_BODY = YES;
				CLANG_WARN_ENUM_CONVERSION = YES;
				CLANG_WARN_INT_CONVERSION = YES;
				CLANG_WARN_OBJC_ROOT_CLASS = YES_ERROR;
				CLANG_WARN_UNREACHABLE_CODE = YES;
				CLANG_WARN__DUPLICATE_METHOD_MATCH = YES;
				"CODE_SIGN_IDENTITY[sdk=iphoneos*]" = "iPhone Developer";
				COPY_PHASE_STRIP = NO;
				DEBUG_INFORMATION_FORMAT = "dwarf-with-dsym";
				ENABLE_NS_ASSERTIONS = NO;
				ENABLE_STRICT_OBJC_MSGSEND = YES;
				GCC_C_LANGUAGE_STANDARD = gnu99;
				GCC_NO_COMMON_BLOCKS = YES;
				GCC_WARN_64_TO_32_BIT_CONVERSION = YES;
				GCC_WARN_ABOUT_RETURN_TYPE = YES_ERROR;
				GCC_WARN_UNDECLARED_SELECTOR = YES;
				GCC_WARN_UNINITIALIZED_AUTOS = YES_AGGRESSIVE;
				GCC_WARN_UNUSED_FUNCTION = YES;
				GCC_WARN_UNUSED_VARIABLE = YES;
				IPHONEOS_DEPLOYMENT_TARGET = 9.3;
				MTL_ENABLE_DEBUG_INFO = NO;
				SDKROOT = iphoneos;
				VALIDATE_PRODUCT = YES;
			};
			name = Release;
		};
		AFC3F59B1D6BE1970098C316 /* Debug */ = {
			isa = XCBuildConfiguration;
			baseConfigurationReference = C514A5F553B260DB346A3F55 /* Pods-AFChatUISample.debug.xcconfig */;
			buildSettings = {
				ASSETCATALOG_COMPILER_APPICON_NAME = AppIcon;
				INFOPLIST_FILE = AFChatUISample/Info.plist;
				LD_RUNPATH_SEARCH_PATHS = "$(inherited) @executable_path/Frameworks";
				PRODUCT_BUNDLE_IDENTIFIER = com.hacknocraft.AFChatUISample;
				PRODUCT_NAME = "$(TARGET_NAME)";
			};
			name = Debug;
		};
		AFC3F59C1D6BE1970098C316 /* Release */ = {
			isa = XCBuildConfiguration;
			baseConfigurationReference = 7792E9AAE8ADD14358CB08B9 /* Pods-AFChatUISample.release.xcconfig */;
			buildSettings = {
				ASSETCATALOG_COMPILER_APPICON_NAME = AppIcon;
				INFOPLIST_FILE = AFChatUISample/Info.plist;
				LD_RUNPATH_SEARCH_PATHS = "$(inherited) @executable_path/Frameworks";
				PRODUCT_BUNDLE_IDENTIFIER = com.hacknocraft.AFChatUISample;
				PRODUCT_NAME = "$(TARGET_NAME)";
			};
			name = Release;
		};
/* End XCBuildConfiguration section */

/* Begin XCConfigurationList section */
		AFC3F5811D6BE1970098C316 /* Build configuration list for PBXProject "AFChatUISample" */ = {
			isa = XCConfigurationList;
			buildConfigurations = (
				AFC3F5981D6BE1970098C316 /* Debug */,
				AFC3F5991D6BE1970098C316 /* Release */,
			);
			defaultConfigurationIsVisible = 0;
			defaultConfigurationName = Release;
		};
		AFC3F59A1D6BE1970098C316 /* Build configuration list for PBXNativeTarget "AFChatUISample" */ = {
			isa = XCConfigurationList;
			buildConfigurations = (
				AFC3F59B1D6BE1970098C316 /* Debug */,
				AFC3F59C1D6BE1970098C316 /* Release */,
			);
			defaultConfigurationIsVisible = 0;
			defaultConfigurationName = Release;
		};
/* End XCConfigurationList section */
	};
	rootObject = AFC3F57E1D6BE1970098C316 /* Project object */;
}
